
Microsoft Visual Studio Solution File, Format Version 12.00
# Visual Studio 15
VisualStudioVersion = 15.0.28307.779
MinimumVisualStudioVersion = 10.0.40219.1
Project("{9A19103F-16F7-4668-BE54-9A1E7A4F7556}") = "WebApiGateway", "WebApiGateway\WebApiGateway.csproj", "{73CFC072-981A-43FC-AA53-DA0EA95D75EB}"
EndProject
Project("{9A19103F-16F7-4668-BE54-9A1E7A4F7556}") = "XUnitTestProject1", "XUnitTestProject1\XUnitTestProject1.csproj", "{0EBE186A-6060-4B2A-9860-CE3FAB399CB5}"
EndProject
Project("{FAE04EC0-301F-11D3-BF4B-00C04F79EFBC}") = "RegistrationBelougaConsole", "RegistrationBelougaConsole\RegistrationBelougaConsole.csproj", "{77267FDC-8058-4ECD-AE67-1F1CD588CDBB}"
EndProject
Global
	GlobalSection(SolutionConfigurationPlatforms) = preSolution
		Debug|Any CPU = Debug|Any CPU
		Release|Any CPU = Release|Any CPU
	EndGlobalSection
	GlobalSection(ProjectConfigurationPlatforms) = postSolution
		{73CFC072-981A-43FC-AA53-DA0EA95D75EB}.Debug|Any CPU.ActiveCfg = Debug|Any CPU
		{73CFC072-981A-43FC-AA53-DA0EA95D75EB}.Debug|Any CPU.Build.0 = Debug|Any CPU
		{73CFC072-981A-43FC-AA53-DA0EA95D75EB}.Release|Any CPU.ActiveCfg = Release|Any CPU
		{73CFC072-981A-43FC-AA53-DA0EA95D75EB}.Release|Any CPU.Build.0 = Release|Any CPU
		{0EBE186A-6060-4B2A-9860-CE3FAB399CB5}.Debug|Any CPU.ActiveCfg = Debug|Any CPU
		{0EBE186A-6060-4B2A-9860-CE3FAB399CB5}.Debug|Any CPU.Build.0 = Debug|Any CPU
		{0EBE186A-6060-4B2A-9860-CE3FAB399CB5}.Release|Any CPU.ActiveCfg = Release|Any CPU
		{0EBE186A-6060-4B2A-9860-CE3FAB399CB5}.Release|Any CPU.Build.0 = Release|Any CPU
		{77267FDC-8058-4ECD-AE67-1F1CD588CDBB}.Debug|Any CPU.ActiveCfg = Debug|Any CPU
		{77267FDC-8058-4ECD-AE67-1F1CD588CDBB}.Debug|Any CPU.Build.0 = Debug|Any CPU
		{77267FDC-8058-4ECD-AE67-1F1CD588CDBB}.Release|Any CPU.ActiveCfg = Release|Any CPU
		{77267FDC-8058-4ECD-AE67-1F1CD588CDBB}.Release|Any CPU.Build.0 = Release|Any CPU
	EndGlobalSection
	GlobalSection(SolutionProperties) = preSolution
		HideSolutionNode = FALSE
	EndGlobalSection
	GlobalSection(ExtensibilityGlobals) = postSolution
		SolutionGuid = {695FF9D2-033A-4073-AEE5-BF1174A8B527}
	EndGlobalSection
EndGlobal
